
Microsoft Visual Studio Solution File, Format Version 12.00
# Visual Studio Version 16
VisualStudioVersion = 16.0.31613.86
MinimumVisualStudioVersion = 10.0.40219.1
Project("{FAE04EC0-301F-11D3-BF4B-00C04F79EFBC}") = "Cetiev2.0", "Cetiev2.0\Cetiev2.0.csproj", "{BB8F105F-4638-478C-8555-D313CB212F5A}"
EndProject
Global
	GlobalSection(SolutionConfigurationPlatforms) = preSolution
		Debug|Any CPU = Debug|Any CPU
		Release|Any CPU = Release|Any CPU
	EndGlobalSection
	GlobalSection(ProjectConfigurationPlatforms) = postSolution
		{BB8F105F-4638-478C-8555-D313CB212F5A}.Debug|Any CPU.ActiveCfg = Debug|Any CPU
		{BB8F105F-4638-478C-8555-D313CB212F5A}.Debug|Any CPU.Build.0 = Debug|Any CPU
		{BB8F105F-4638-478C-8555-D313CB212F5A}.Release|Any CPU.ActiveCfg = Release|Any CPU
		{BB8F105F-4638-478C-8555-D313CB212F5A}.Release|Any CPU.Build.0 = Release|Any CPU
	EndGlobalSection
	GlobalSection(SolutionProperties) = preSolution
		HideSolutionNode = FALSE
	EndGlobalSection
	GlobalSection(ExtensibilityGlobals) = postSolution
		SolutionGuid = {870590CC-A306-4D73-A926-F78FCA597920}
	EndGlobalSection
EndGlobal
